{
  "name": "url-shortener",
  "version": "1.0.1",
  "lockfileVersion": 1,
  "requires": true,
  "dependencies": {
    "commandy": {
      "version": "3.0.0",
      "resolved": "https://registry.npmjs.org/commandy/-/commandy-3.0.0.tgz",
      "integrity": "sha512-LzxbTZzZi1T8mB9YwioJ4u07teQ0rtTLNsJZpjLj780UYrbP26OXjswyRNVwVLrh94uxD5sTeCU20eb/dIxHkA=="
    },
    "mini-request": {
      "version": "1.1.1",
      "resolved": "https://registry.npmjs.org/mini-request/-/mini-request-1.1.1.tgz",
      "integrity": "sha512-s5SrzqLdLRfbnFWC+p/eJJkLiT+0He29tB3eFbCUGpHCU89/iFs1sD0EBJkSaiRPMalh93gs862IhMF8x8s5ng=="
    }
  }
}
